<?xml version="1.0" encoding="utf-8"?>
<Project ToolsVersion="4.0" xmlns="http://schemas.microsoft.com/developer/msbuild/2003">
  <ItemGroup>
    <ClCompile Include="Brick.cpp" />
    <ClCompile Include="Coin.cpp" />
    <ClCompile Include="Game.cpp" />
    <ClCompile Include="IntBox.cpp" />
    <ClCompile Include="main.cpp" />
    <ClCompile Include="StartMenu.cpp" />
    <ClCompile Include="Object.cpp" />
    <ClCompile Include="Player.cpp" />
    <ClCompile Include="Projection.cpp" />
    <ClCompile Include="Scene.cpp" />
    <ClCompile Include="Score.cpp" />
    <ClCompile Include="Shader.cpp" />
    <ClCompile Include="ShaderProgram.cpp" />
    <ClCompile Include="Sprite.cpp" />
    <ClCompile Include="Text.cpp" />
    <ClCompile Include="Texture.cpp" />
    <ClCompile Include="TexturedQuad.cpp" />
    <ClCompile Include="Tile.cpp" />
    <ClCompile Include="TileMap.cpp" />
    <ClCompile Include="SoundManager.cpp" />
  </ItemGroup>
  <ItemGroup>
    <ClInclude Include="AnimKeyframes.h" />
    <ClInclude Include="Brick.h" />
    <ClInclude Include="Coin.h" />
    <ClInclude Include="Game.h" />
    <ClInclude Include="StartMenu.h" />
    <ClInclude Include="IntBox.h" />
    <ClInclude Include="Object.h" />
    <ClInclude Include="Player.h" />
    <ClInclude Include="Projection.h" />
    <ClInclude Include="Scene.h" />
    <ClInclude Include="Score.h" />
    <ClInclude Include="Shader.h" />
    <ClInclude Include="ShaderProgram.h" />
    <ClInclude Include="Sprite.h" />
    <ClInclude Include="Text.h" />
    <ClInclude Include="Texture.h" />
    <ClInclude Include="TexturedQuad.h" />
    <ClInclude Include="Tile.h" />
    <ClInclude Include="TileMap.h" />
    <ClInclude Include="SoundManager.h" />
  </ItemGroup>
</Project>